
Microsoft Visual Studio Solution File, Format Version 12.00
# Visual Studio Version 17
VisualStudioVersion = 17.6.33829.357
MinimumVisualStudioVersion = 10.0.40219.1
Project("{FAE04EC0-301F-11D3-BF4B-00C04F79EFBC}") = "SoftserveFinalProject", "SoftserveFinalProject\SoftserveFinalProject.csproj", "{D6F27BD7-C9AC-49A5-AF77-7011E638A295}"
EndProject
Global
	GlobalSection(SolutionConfigurationPlatforms) = preSolution
		Debug|Any CPU = Debug|Any CPU
		Release|Any CPU = Release|Any CPU
	EndGlobalSection
	GlobalSection(ProjectConfigurationPlatforms) = postSolution
		{D6F27BD7-C9AC-49A5-AF77-7011E638A295}.Debug|Any CPU.ActiveCfg = Debug|Any CPU
		{D6F27BD7-C9AC-49A5-AF77-7011E638A295}.Debug|Any CPU.Build.0 = Debug|Any CPU
		{D6F27BD7-C9AC-49A5-AF77-7011E638A295}.Release|Any CPU.ActiveCfg = Release|Any CPU
		{D6F27BD7-C9AC-49A5-AF77-7011E638A295}.Release|Any CPU.Build.0 = Release|Any CPU
	EndGlobalSection
	GlobalSection(SolutionProperties) = preSolution
		HideSolutionNode = FALSE
	EndGlobalSection
	GlobalSection(ExtensibilityGlobals) = postSolution
		SolutionGuid = {FA75320C-CD78-4E3C-A4C1-314E715E50A7}
	EndGlobalSection
EndGlobal
